
Microsoft Visual Studio Solution File, Format Version 12.00
# Visual Studio Version 17
VisualStudioVersion = 17.11.35312.102
MinimumVisualStudioVersion = 10.0.40219.1
Project("{FAE04EC0-301F-11D3-BF4B-00C04F79EFBC}") = "PropertiesAndFields", "PropertiesAndFields\PropertiesAndFields.csproj", "{05730E28-C8E8-4B3C-A33C-2CEE7C15E8FF}"
EndProject
Global
	GlobalSection(SolutionConfigurationPlatforms) = preSolution
		Debug|Any CPU = Debug|Any CPU
		Release|Any CPU = Release|Any CPU
	EndGlobalSection
	GlobalSection(ProjectConfigurationPlatforms) = postSolution
		{05730E28-C8E8-4B3C-A33C-2CEE7C15E8FF}.Debug|Any CPU.ActiveCfg = Debug|Any CPU
		{05730E28-C8E8-4B3C-A33C-2CEE7C15E8FF}.Debug|Any CPU.Build.0 = Debug|Any CPU
		{05730E28-C8E8-4B3C-A33C-2CEE7C15E8FF}.Release|Any CPU.ActiveCfg = Release|Any CPU
		{05730E28-C8E8-4B3C-A33C-2CEE7C15E8FF}.Release|Any CPU.Build.0 = Release|Any CPU
	EndGlobalSection
	GlobalSection(SolutionProperties) = preSolution
		HideSolutionNode = FALSE
	EndGlobalSection
	GlobalSection(ExtensibilityGlobals) = postSolution
		SolutionGuid = {9E45F65C-BA27-46BF-8C32-25D4D6B92CC9}
	EndGlobalSection
EndGlobal
