
Microsoft Visual Studio Solution File, Format Version 12.00
# Visual Studio Version 17
VisualStudioVersion = 17.11.35312.102
MinimumVisualStudioVersion = 10.0.40219.1
Project("{FAE04EC0-301F-11D3-BF4B-00C04F79EFBC}") = "UnitTestDelegates", "UnitTestDelegates\UnitTestDelegates.csproj", "{EE61CC0A-61DA-4D82-8873-CFEF36051F5C}"
EndProject
Global
	GlobalSection(SolutionConfigurationPlatforms) = preSolution
		Debug|Any CPU = Debug|Any CPU
		Release|Any CPU = Release|Any CPU
	EndGlobalSection
	GlobalSection(ProjectConfigurationPlatforms) = postSolution
		{EE61CC0A-61DA-4D82-8873-CFEF36051F5C}.Debug|Any CPU.ActiveCfg = Debug|Any CPU
		{EE61CC0A-61DA-4D82-8873-CFEF36051F5C}.Debug|Any CPU.Build.0 = Debug|Any CPU
		{EE61CC0A-61DA-4D82-8873-CFEF36051F5C}.Release|Any CPU.ActiveCfg = Release|Any CPU
		{EE61CC0A-61DA-4D82-8873-CFEF36051F5C}.Release|Any CPU.Build.0 = Release|Any CPU
	EndGlobalSection
	GlobalSection(SolutionProperties) = preSolution
		HideSolutionNode = FALSE
	EndGlobalSection
	GlobalSection(ExtensibilityGlobals) = postSolution
		SolutionGuid = {0A581AFD-9C09-4AF5-A788-DAD2BBCA4534}
	EndGlobalSection
EndGlobal
