
Microsoft Visual Studio Solution File, Format Version 12.00
# Visual Studio Version 17
VisualStudioVersion = 17.11.35312.102
MinimumVisualStudioVersion = 10.0.40219.1
Project("{FAE04EC0-301F-11D3-BF4B-00C04F79EFBC}") = "CurrencyConverter", "CurrencyConverter\CurrencyConverter.csproj", "{9B586D55-EE31-4D8A-A1DA-A7A68C3D1EBC}"
EndProject
Global
	GlobalSection(SolutionConfigurationPlatforms) = preSolution
		Debug|Any CPU = Debug|Any CPU
		Release|Any CPU = Release|Any CPU
	EndGlobalSection
	GlobalSection(ProjectConfigurationPlatforms) = postSolution
		{9B586D55-EE31-4D8A-A1DA-A7A68C3D1EBC}.Debug|Any CPU.ActiveCfg = Debug|Any CPU
		{9B586D55-EE31-4D8A-A1DA-A7A68C3D1EBC}.Debug|Any CPU.Build.0 = Debug|Any CPU
		{9B586D55-EE31-4D8A-A1DA-A7A68C3D1EBC}.Release|Any CPU.ActiveCfg = Release|Any CPU
		{9B586D55-EE31-4D8A-A1DA-A7A68C3D1EBC}.Release|Any CPU.Build.0 = Release|Any CPU
	EndGlobalSection
	GlobalSection(SolutionProperties) = preSolution
		HideSolutionNode = FALSE
	EndGlobalSection
	GlobalSection(ExtensibilityGlobals) = postSolution
		SolutionGuid = {2DED4E70-9454-4D37-A115-0DDF54B89FC5}
	EndGlobalSection
EndGlobal
