
Microsoft Visual Studio Solution File, Format Version 12.00
# Visual Studio Version 17
VisualStudioVersion = 17.11.35312.102
MinimumVisualStudioVersion = 10.0.40219.1
Project("{FAE04EC0-301F-11D3-BF4B-00C04F79EFBC}") = "LinqWithCollection", "LinqWithCollection\LinqWithCollection.csproj", "{B87637AF-4C92-46F3-92CE-478F24DBA8CF}"
EndProject
Global
	GlobalSection(SolutionConfigurationPlatforms) = preSolution
		Debug|Any CPU = Debug|Any CPU
		Release|Any CPU = Release|Any CPU
	EndGlobalSection
	GlobalSection(ProjectConfigurationPlatforms) = postSolution
		{B87637AF-4C92-46F3-92CE-478F24DBA8CF}.Debug|Any CPU.ActiveCfg = Debug|Any CPU
		{B87637AF-4C92-46F3-92CE-478F24DBA8CF}.Debug|Any CPU.Build.0 = Debug|Any CPU
		{B87637AF-4C92-46F3-92CE-478F24DBA8CF}.Release|Any CPU.ActiveCfg = Release|Any CPU
		{B87637AF-4C92-46F3-92CE-478F24DBA8CF}.Release|Any CPU.Build.0 = Release|Any CPU
	EndGlobalSection
	GlobalSection(SolutionProperties) = preSolution
		HideSolutionNode = FALSE
	EndGlobalSection
	GlobalSection(ExtensibilityGlobals) = postSolution
		SolutionGuid = {A3E28A1A-CFEC-4261-8C9E-BF8D366D7E29}
	EndGlobalSection
EndGlobal
