
Microsoft Visual Studio Solution File, Format Version 12.00
# Visual Studio Version 17
VisualStudioVersion = 17.11.35312.102
MinimumVisualStudioVersion = 10.0.40219.1
Project("{FAE04EC0-301F-11D3-BF4B-00C04F79EFBC}") = "Abstraction", "Abstraction\Abstraction.csproj", "{C5278A10-C430-47D7-B725-AF291831751E}"
EndProject
Global
	GlobalSection(SolutionConfigurationPlatforms) = preSolution
		Debug|Any CPU = Debug|Any CPU
		Release|Any CPU = Release|Any CPU
	EndGlobalSection
	GlobalSection(ProjectConfigurationPlatforms) = postSolution
		{C5278A10-C430-47D7-B725-AF291831751E}.Debug|Any CPU.ActiveCfg = Debug|Any CPU
		{C5278A10-C430-47D7-B725-AF291831751E}.Debug|Any CPU.Build.0 = Debug|Any CPU
		{C5278A10-C430-47D7-B725-AF291831751E}.Release|Any CPU.ActiveCfg = Release|Any CPU
		{C5278A10-C430-47D7-B725-AF291831751E}.Release|Any CPU.Build.0 = Release|Any CPU
	EndGlobalSection
	GlobalSection(SolutionProperties) = preSolution
		HideSolutionNode = FALSE
	EndGlobalSection
	GlobalSection(ExtensibilityGlobals) = postSolution
		SolutionGuid = {FDF40E5B-1064-4B7F-B506-1A9569592C10}
	EndGlobalSection
EndGlobal
