
Microsoft Visual Studio Solution File, Format Version 12.00
# Visual Studio Version 17
VisualStudioVersion = 17.11.35312.102
MinimumVisualStudioVersion = 10.0.40219.1
Project("{FAE04EC0-301F-11D3-BF4B-00C04F79EFBC}") = "Structures", "Structures\Structures.csproj", "{31369F57-CBD4-4057-B712-9B0B6DCEBA41}"
EndProject
Global
	GlobalSection(SolutionConfigurationPlatforms) = preSolution
		Debug|Any CPU = Debug|Any CPU
		Release|Any CPU = Release|Any CPU
	EndGlobalSection
	GlobalSection(ProjectConfigurationPlatforms) = postSolution
		{31369F57-CBD4-4057-B712-9B0B6DCEBA41}.Debug|Any CPU.ActiveCfg = Debug|Any CPU
		{31369F57-CBD4-4057-B712-9B0B6DCEBA41}.Debug|Any CPU.Build.0 = Debug|Any CPU
		{31369F57-CBD4-4057-B712-9B0B6DCEBA41}.Release|Any CPU.ActiveCfg = Release|Any CPU
		{31369F57-CBD4-4057-B712-9B0B6DCEBA41}.Release|Any CPU.Build.0 = Release|Any CPU
	EndGlobalSection
	GlobalSection(SolutionProperties) = preSolution
		HideSolutionNode = FALSE
	EndGlobalSection
	GlobalSection(ExtensibilityGlobals) = postSolution
		SolutionGuid = {963E10D5-A23D-4BBB-AF30-76336DF2920D}
	EndGlobalSection
EndGlobal
